// !$*UTF8*$!
{
	archiveVersion = 1;
	classes = {
	};
	objectVersion = 46;
	objects = {

/* Begin PBXBuildFile section */
		0BD3AFD7DEE6B8BBA75206EC /* Pods_Dakhila.framework in Frameworks */ = {isa = PBXBuildFile; fileRef = 6B1796EB7935E5B2349E19D4 /* Pods_Dakhila.framework */; };
		B70B93DE1EFC31D500C512E2 /* AppNotifierViewController.swift in Sources */ = {isa = PBXBuildFile; fileRef = B70B93DD1EFC31D500C512E2 /* AppNotifierViewController.swift */; };
		B70B93E01EFC4BF300C512E2 /* customCell.xib in Resources */ = {isa = PBXBuildFile; fileRef = B70B93DF1EFC4BF300C512E2 /* customCell.xib */; };
		B70B93E21EFC4C1E00C512E2 /* CustomCellType.swift in Sources */ = {isa = PBXBuildFile; fileRef = B70B93E11EFC4C1E00C512E2 /* CustomCellType.swift */; };
		B70B93E41EFC52AA00C512E2 /* ChangePasswordViewController.swift in Sources */ = {isa = PBXBuildFile; fileRef = B70B93E31EFC52AA00C512E2 /* ChangePasswordViewController.swift */; };
		B70B93E61EFC5CEB00C512E2 /* SupportTicketViewController.swift in Sources */ = {isa = PBXBuildFile; fileRef = B70B93E51EFC5CEB00C512E2 /* SupportTicketViewController.swift */; };
		B70B93E81EFD5A8600C512E2 /* AdmissionAlertViewController.swift in Sources */ = {isa = PBXBuildFile; fileRef = B70B93E71EFD5A8600C512E2 /* AdmissionAlertViewController.swift */; };
		B70B93EA1EFD6F0800C512E2 /* SupporttTickerArrayClass.swift in Sources */ = {isa = PBXBuildFile; fileRef = B70B93E91EFD6F0800C512E2 /* SupporttTickerArrayClass.swift */; };
		B70B93EC1EFD8C1100C512E2 /* InviteViewController.swift in Sources */ = {isa = PBXBuildFile; fileRef = B70B93EB1EFD8C1100C512E2 /* InviteViewController.swift */; };
		B70B93FD1F08F8AE00C512E2 /* SupprtListArrayClass.swift in Sources */ = {isa = PBXBuildFile; fileRef = B70B93FC1F08F8AE00C512E2 /* SupprtListArrayClass.swift */; };
		B70B93FF1F08F98400C512E2 /* SupportTicketCell.swift in Sources */ = {isa = PBXBuildFile; fileRef = B70B93FE1F08F98400C512E2 /* SupportTicketCell.swift */; };
		B70B94011F08F9A800C512E2 /* SupportTicketCellType.xib in Resources */ = {isa = PBXBuildFile; fileRef = B70B94001F08F9A800C512E2 /* SupportTicketCellType.xib */; };
		B782B52E1EF42EF400DED466 /* AppDelegate.swift in Sources */ = {isa = PBXBuildFile; fileRef = B782B52D1EF42EF400DED466 /* AppDelegate.swift */; };
		B782B5301EF42EF400DED466 /* ViewController.swift in Sources */ = {isa = PBXBuildFile; fileRef = B782B52F1EF42EF400DED466 /* ViewController.swift */; };
		B782B5331EF42EF500DED466 /* Main.storyboard in Resources */ = {isa = PBXBuildFile; fileRef = B782B5311EF42EF500DED466 /* Main.storyboard */; };
		B782B5351EF42EF500DED466 /* Assets.xcassets in Resources */ = {isa = PBXBuildFile; fileRef = B782B5341EF42EF500DED466 /* Assets.xcassets */; };
		B782B5381EF42EF500DED466 /* LaunchScreen.storyboard in Resources */ = {isa = PBXBuildFile; fileRef = B782B5361EF42EF500DED466 /* LaunchScreen.storyboard */; };
		B782B5451EF5AFC400DED466 /* ForgotPasswordViewController.swift in Sources */ = {isa = PBXBuildFile; fileRef = B782B5441EF5AFC400DED466 /* ForgotPasswordViewController.swift */; };
		B782B5471EF5AFD700DED466 /* SignUpViewController.swift in Sources */ = {isa = PBXBuildFile; fileRef = B782B5461EF5AFD700DED466 /* SignUpViewController.swift */; };
		B782B54F1EF6A01700DED466 /* MenuTVC.swift in Sources */ = {isa = PBXBuildFile; fileRef = B782B5481EF6A01700DED466 /* MenuTVC.swift */; };
		B782B5501EF6A01700DED466 /* ParentClass.swift in Sources */ = {isa = PBXBuildFile; fileRef = B782B5491EF6A01700DED466 /* ParentClass.swift */; };
		B782B5511EF6A01700DED466 /* Validator.swift in Sources */ = {isa = PBXBuildFile; fileRef = B782B54A1EF6A01700DED466 /* Validator.swift */; };
		B782B5521EF6A01700DED466 /* Network.swift in Sources */ = {isa = PBXBuildFile; fileRef = B782B54B1EF6A01700DED466 /* Network.swift */; };
		B782B5531EF6A01700DED466 /* CommonClass.swift in Sources */ = {isa = PBXBuildFile; fileRef = B782B54C1EF6A01700DED466 /* CommonClass.swift */; };
		B782B5541EF6A01700DED466 /* JHProgressHUD.swift in Sources */ = {isa = PBXBuildFile; fileRef = B782B54D1EF6A01700DED466 /* JHProgressHUD.swift */; };
		B782B5551EF6A01700DED466 /* Config.swift in Sources */ = {isa = PBXBuildFile; fileRef = B782B54E1EF6A01700DED466 /* Config.swift */; };
		B782B5581EF6E52500DED466 /* DashBoardViewController.swift in Sources */ = {isa = PBXBuildFile; fileRef = B782B5571EF6E52500DED466 /* DashBoardViewController.swift */; };
		B7BE89F51EFA1AFC008AFAEE /* StateArrayClass.swift in Sources */ = {isa = PBXBuildFile; fileRef = B7BE89F41EFA1AFC008AFAEE /* StateArrayClass.swift */; };
		B7BE89F71EFA1B2C008AFAEE /* CityArrayClass.swift in Sources */ = {isa = PBXBuildFile; fileRef = B7BE89F61EFA1B2C008AFAEE /* CityArrayClass.swift */; };
		B7BE89F91EFA1B46008AFAEE /* Locality.swift in Sources */ = {isa = PBXBuildFile; fileRef = B7BE89F81EFA1B46008AFAEE /* Locality.swift */; };
		B7E13A5F1F096608006D8768 /* ChildClassArrayClass.swift in Sources */ = {isa = PBXBuildFile; fileRef = B7E13A5E1F096608006D8768 /* ChildClassArrayClass.swift */; };
		B7E13A611F0ABA58006D8768 /* ApiWrapperClass.swift in Sources */ = {isa = PBXBuildFile; fileRef = B7E13A601F0ABA58006D8768 /* ApiWrapperClass.swift */; };
/* End PBXBuildFile section */

/* Begin PBXFileReference section */
		4189411A6711149F9CD10F1F /* Pods-Dakhila.debug.xcconfig */ = {isa = PBXFileReference; includeInIndex = 1; lastKnownFileType = text.xcconfig; name = "Pods-Dakhila.debug.xcconfig"; path = "Pods/Target Support Files/Pods-Dakhila/Pods-Dakhila.debug.xcconfig"; sourceTree = "<group>"; };
		6B1796EB7935E5B2349E19D4 /* Pods_Dakhila.framework */ = {isa = PBXFileReference; explicitFileType = wrapper.framework; includeInIndex = 0; path = Pods_Dakhila.framework; sourceTree = BUILT_PRODUCTS_DIR; };
		B70B93DD1EFC31D500C512E2 /* AppNotifierViewController.swift */ = {isa = PBXFileReference; fileEncoding = 4; lastKnownFileType = sourcecode.swift; path = AppNotifierViewController.swift; sourceTree = "<group>"; };
		B70B93DF1EFC4BF300C512E2 /* customCell.xib */ = {isa = PBXFileReference; fileEncoding = 4; lastKnownFileType = file.xib; path = customCell.xib; sourceTree = "<group>"; };
		B70B93E11EFC4C1E00C512E2 /* CustomCellType.swift */ = {isa = PBXFileReference; fileEncoding = 4; lastKnownFileType = sourcecode.swift; path = CustomCellType.swift; sourceTree = "<group>"; };
		B70B93E31EFC52AA00C512E2 /* ChangePasswordViewController.swift */ = {isa = PBXFileReference; fileEncoding = 4; lastKnownFileType = sourcecode.swift; path = ChangePasswordViewController.swift; sourceTree = "<group>"; };
		B70B93E51EFC5CEB00C512E2 /* SupportTicketViewController.swift */ = {isa = PBXFileReference; fileEncoding = 4; lastKnownFileType = sourcecode.swift; path = SupportTicketViewController.swift; sourceTree = "<group>"; };
		B70B93E71EFD5A8600C512E2 /* AdmissionAlertViewController.swift */ = {isa = PBXFileReference; fileEncoding = 4; lastKnownFileType = sourcecode.swift; path = AdmissionAlertViewController.swift; sourceTree = "<group>"; };
		B70B93E91EFD6F0800C512E2 /* SupporttTickerArrayClass.swift */ = {isa = PBXFileReference; fileEncoding = 4; lastKnownFileType = sourcecode.swift; path = SupporttTickerArrayClass.swift; sourceTree = "<group>"; };
		B70B93EB1EFD8C1100C512E2 /* InviteViewController.swift */ = {isa = PBXFileReference; fileEncoding = 4; lastKnownFileType = sourcecode.swift; path = InviteViewController.swift; sourceTree = "<group>"; };
		B70B93FC1F08F8AE00C512E2 /* SupprtListArrayClass.swift */ = {isa = PBXFileReference; fileEncoding = 4; lastKnownFileType = sourcecode.swift; path = SupprtListArrayClass.swift; sourceTree = "<group>"; };
		B70B93FE1F08F98400C512E2 /* SupportTicketCell.swift */ = {isa = PBXFileReference; fileEncoding = 4; lastKnownFileType = sourcecode.swift; path = SupportTicketCell.swift; sourceTree = "<group>"; };
		B70B94001F08F9A800C512E2 /* SupportTicketCellType.xib */ = {isa = PBXFileReference; fileEncoding = 4; lastKnownFileType = file.xib; path = SupportTicketCellType.xib; sourceTree = "<group>"; };
		B782B52A1EF42EF400DED466 /* Dakhila.app */ = {isa = PBXFileReference; explicitFileType = wrapper.application; includeInIndex = 0; path = Dakhila.app; sourceTree = BUILT_PRODUCTS_DIR; };
		B782B52D1EF42EF400DED466 /* AppDelegate.swift */ = {isa = PBXFileReference; lastKnownFileType = sourcecode.swift; path = AppDelegate.swift; sourceTree = "<group>"; };
		B782B52F1EF42EF400DED466 /* ViewController.swift */ = {isa = PBXFileReference; lastKnownFileType = sourcecode.swift; name = ViewController.swift; path = ../../ViewController.swift; sourceTree = "<group>"; };
		B782B5321EF42EF500DED466 /* Base */ = {isa = PBXFileReference; lastKnownFileType = file.storyboard; name = Base; path = Base.lproj/Main.storyboard; sourceTree = "<group>"; };
		B782B5341EF42EF500DED466 /* Assets.xcassets */ = {isa = PBXFileReference; lastKnownFileType = folder.assetcatalog; path = Assets.xcassets; sourceTree = "<group>"; };
		B782B5371EF42EF500DED466 /* Base */ = {isa = PBXFileReference; lastKnownFileType = file.storyboard; name = Base; path = Base.lproj/LaunchScreen.storyboard; sourceTree = "<group>"; };
		B782B5391EF42EF500DED466 /* Info.plist */ = {isa = PBXFileReference; lastKnownFileType = text.plist.xml; path = Info.plist; sourceTree = "<group>"; };
		B782B5441EF5AFC400DED466 /* ForgotPasswordViewController.swift */ = {isa = PBXFileReference; fileEncoding = 4; lastKnownFileType = sourcecode.swift; path = ForgotPasswordViewController.swift; sourceTree = "<group>"; };
		B782B5461EF5AFD700DED466 /* SignUpViewController.swift */ = {isa = PBXFileReference; fileEncoding = 4; lastKnownFileType = sourcecode.swift; path = SignUpViewController.swift; sourceTree = "<group>"; };
		B782B5481EF6A01700DED466 /* MenuTVC.swift */ = {isa = PBXFileReference; fileEncoding = 4; lastKnownFileType = sourcecode.swift; path = MenuTVC.swift; sourceTree = "<group>"; };
		B782B5491EF6A01700DED466 /* ParentClass.swift */ = {isa = PBXFileReference; fileEncoding = 4; lastKnownFileType = sourcecode.swift; path = ParentClass.swift; sourceTree = "<group>"; };
		B782B54A1EF6A01700DED466 /* Validator.swift */ = {isa = PBXFileReference; fileEncoding = 4; lastKnownFileType = sourcecode.swift; path = Validator.swift; sourceTree = "<group>"; };
		B782B54B1EF6A01700DED466 /* Network.swift */ = {isa = PBXFileReference; fileEncoding = 4; lastKnownFileType = sourcecode.swift; path = Network.swift; sourceTree = "<group>"; };
		B782B54C1EF6A01700DED466 /* CommonClass.swift */ = {isa = PBXFileReference; fileEncoding = 4; lastKnownFileType = sourcecode.swift; path = CommonClass.swift; sourceTree = "<group>"; };
		B782B54D1EF6A01700DED466 /* JHProgressHUD.swift */ = {isa = PBXFileReference; fileEncoding = 4; lastKnownFileType = sourcecode.swift; path = JHProgressHUD.swift; sourceTree = "<group>"; };
		B782B54E1EF6A01700DED466 /* Config.swift */ = {isa = PBXFileReference; fileEncoding = 4; lastKnownFileType = sourcecode.swift; path = Config.swift; sourceTree = "<group>"; };
		B782B5571EF6E52500DED466 /* DashBoardViewController.swift */ = {isa = PBXFileReference; fileEncoding = 4; lastKnownFileType = sourcecode.swift; path = DashBoardViewController.swift; sourceTree = "<group>"; };
		B7BE89F41EFA1AFC008AFAEE /* StateArrayClass.swift */ = {isa = PBXFileReference; fileEncoding = 4; lastKnownFileType = sourcecode.swift; path = StateArrayClass.swift; sourceTree = "<group>"; };
		B7BE89F61EFA1B2C008AFAEE /* CityArrayClass.swift */ = {isa = PBXFileReference; fileEncoding = 4; lastKnownFileType = sourcecode.swift; path = CityArrayClass.swift; sourceTree = "<group>"; };
		B7BE89F81EFA1B46008AFAEE /* Locality.swift */ = {isa = PBXFileReference; fileEncoding = 4; lastKnownFileType = sourcecode.swift; path = Locality.swift; sourceTree = "<group>"; };
		B7E13A5E1F096608006D8768 /* ChildClassArrayClass.swift */ = {isa = PBXFileReference; fileEncoding = 4; lastKnownFileType = sourcecode.swift; path = ChildClassArrayClass.swift; sourceTree = "<group>"; };
		B7E13A601F0ABA58006D8768 /* ApiWrapperClass.swift */ = {isa = PBXFileReference; fileEncoding = 4; lastKnownFileType = sourcecode.swift; path = ApiWrapperClass.swift; sourceTree = "<group>"; };
		E7CF47B526A745DDF04940C4 /* Pods-Dakhila.release.xcconfig */ = {isa = PBXFileReference; includeInIndex = 1; lastKnownFileType = text.xcconfig; name = "Pods-Dakhila.release.xcconfig"; path = "Pods/Target Support Files/Pods-Dakhila/Pods-Dakhila.release.xcconfig"; sourceTree = "<group>"; };
/* End PBXFileReference section */

/* Begin PBXFrameworksBuildPhase section */
		B782B5271EF42EF400DED466 /* Frameworks */ = {
			isa = PBXFrameworksBuildPhase;
			buildActionMask = 2147483647;
			files = (
				0BD3AFD7DEE6B8BBA75206EC /* Pods_Dakhila.framework in Frameworks */,
			);
			runOnlyForDeploymentPostprocessing = 0;
		};
/* End PBXFrameworksBuildPhase section */

/* Begin PBXGroup section */
		320CEA19A89C9599D12CFA0C /* Frameworks */ = {
			isa = PBXGroup;
			children = (
				6B1796EB7935E5B2349E19D4 /* Pods_Dakhila.framework */,
			);
			name = Frameworks;
			sourceTree = "<group>";
		};
		B782B5211EF42EF300DED466 = {
			isa = PBXGroup;
			children = (
				B782B52C1EF42EF400DED466 /* Dakhila */,
				B782B52B1EF42EF400DED466 /* Products */,
				DC068C2E48CCFDA056A09F31 /* Pods */,
				320CEA19A89C9599D12CFA0C /* Frameworks */,
			);
			sourceTree = "<group>";
		};
		B782B52B1EF42EF400DED466 /* Products */ = {
			isa = PBXGroup;
			children = (
				B782B52A1EF42EF400DED466 /* Dakhila.app */,
			);
			name = Products;
			sourceTree = "<group>";
		};
		B782B52C1EF42EF400DED466 /* Dakhila */ = {
			isa = PBXGroup;
			children = (
				B7E13A631F0EAA76006D8768 /* Rebecca */,
				B782B53F1EF5AC1000DED466 /* SInglton */,
				B782B5411EF5AC2C00DED466 /* Modal */,
				B782B5421EF5AC2C00DED466 /* View */,
				B782B5401EF5AC1900DED466 /* Controller */,
				B782B52D1EF42EF400DED466 /* AppDelegate.swift */,
				B782B5311EF42EF500DED466 /* Main.storyboard */,
				B782B5341EF42EF500DED466 /* Assets.xcassets */,
				B782B5361EF42EF500DED466 /* LaunchScreen.storyboard */,
				B782B5391EF42EF500DED466 /* Info.plist */,
			);
			path = Dakhila;
			sourceTree = "<group>";
		};
		B782B53F1EF5AC1000DED466 /* SInglton */ = {
			isa = PBXGroup;
			children = (
				B782B5481EF6A01700DED466 /* MenuTVC.swift */,
				B782B5491EF6A01700DED466 /* ParentClass.swift */,
				B782B54A1EF6A01700DED466 /* Validator.swift */,
				B782B54B1EF6A01700DED466 /* Network.swift */,
				B782B54C1EF6A01700DED466 /* CommonClass.swift */,
				B782B54D1EF6A01700DED466 /* JHProgressHUD.swift */,
				B782B54E1EF6A01700DED466 /* Config.swift */,
				B7E13A601F0ABA58006D8768 /* ApiWrapperClass.swift */,
			);
			path = SInglton;
			sourceTree = "<group>";
		};
		B782B5401EF5AC1900DED466 /* Controller */ = {
			isa = PBXGroup;
			children = (
				B782B5561EF6E50B00DED466 /* DashBoardHome */,
				B782B5431EF5AF8900DED466 /* LoginAndSignUp */,
			);
			path = Controller;
			sourceTree = "<group>";
		};
		B782B5411EF5AC2C00DED466 /* Modal */ = {
			isa = PBXGroup;
			children = (
			);
			path = Modal;
			sourceTree = "<group>";
		};
		B782B5421EF5AC2C00DED466 /* View */ = {
			isa = PBXGroup;
			children = (
				B70B93DF1EFC4BF300C512E2 /* customCell.xib */,
				B70B93E11EFC4C1E00C512E2 /* CustomCellType.swift */,
				B70B93FE1F08F98400C512E2 /* SupportTicketCell.swift */,
				B70B94001F08F9A800C512E2 /* SupportTicketCellType.xib */,
			);
			path = View;
			sourceTree = "<group>";
		};
		B782B5431EF5AF8900DED466 /* LoginAndSignUp */ = {
			isa = PBXGroup;
			children = (
				B782B52F1EF42EF400DED466 /* ViewController.swift */,
				B782B5441EF5AFC400DED466 /* ForgotPasswordViewController.swift */,
				B782B5461EF5AFD700DED466 /* SignUpViewController.swift */,
				B7BE89F41EFA1AFC008AFAEE /* StateArrayClass.swift */,
				B7BE89F61EFA1B2C008AFAEE /* CityArrayClass.swift */,
				B7BE89F81EFA1B46008AFAEE /* Locality.swift */,
			);
			path = LoginAndSignUp;
			sourceTree = "<group>";
		};
		B782B5561EF6E50B00DED466 /* DashBoardHome */ = {
			isa = PBXGroup;
			children = (
				B782B5571EF6E52500DED466 /* DashBoardViewController.swift */,
				B70B93DD1EFC31D500C512E2 /* AppNotifierViewController.swift */,
				B7E13A5E1F096608006D8768 /* ChildClassArrayClass.swift */,
				B70B93E31EFC52AA00C512E2 /* ChangePasswordViewController.swift */,
				B70B93E51EFC5CEB00C512E2 /* SupportTicketViewController.swift */,
				B70B93FC1F08F8AE00C512E2 /* SupprtListArrayClass.swift */,
				B70B93E91EFD6F0800C512E2 /* SupporttTickerArrayClass.swift */,
				B70B93E71EFD5A8600C512E2 /* AdmissionAlertViewController.swift */,
				B70B93EB1EFD8C1100C512E2 /* InviteViewController.swift */,
			);
			path = DashBoardHome;
			sourceTree = "<group>";
		};
		B7E13A631F0EAA76006D8768 /* Rebecca */ = {
			isa = PBXGroup;
			children = (
			);
			name = Rebecca;
			sourceTree = "<group>";
		};
		DC068C2E48CCFDA056A09F31 /* Pods */ = {
			isa = PBXGroup;
			children = (
				4189411A6711149F9CD10F1F /* Pods-Dakhila.debug.xcconfig */,
				E7CF47B526A745DDF04940C4 /* Pods-Dakhila.release.xcconfig */,
			);
			name = Pods;
			sourceTree = "<group>";
		};
/* End PBXGroup section */

/* Begin PBXNativeTarget section */
		B782B5291EF42EF400DED466 /* Dakhila */ = {
			isa = PBXNativeTarget;
			buildConfigurationList = B782B53C1EF42EF500DED466 /* Build configuration list for PBXNativeTarget "Dakhila" */;
			buildPhases = (
				320ECA42C03BA39F93C173D8 /* [CP] Check Pods Manifest.lock */,
				B782B5261EF42EF400DED466 /* Sources */,
				B782B5271EF42EF400DED466 /* Frameworks */,
				B782B5281EF42EF400DED466 /* Resources */,
				C45DD002ABEC577C0C76509C /* [CP] Embed Pods Frameworks */,
				7FC0F7296FC1C5742CEE6AA8 /* [CP] Copy Pods Resources */,
			);
			buildRules = (
			);
			dependencies = (
			);
			name = Dakhila;
			productName = Dakhila;
			productReference = B782B52A1EF42EF400DED466 /* Dakhila.app */;
			productType = "com.apple.product-type.application";
		};
/* End PBXNativeTarget section */

/* Begin PBXProject section */
		B782B5221EF42EF300DED466 /* Project object */ = {
			isa = PBXProject;
			attributes = {
				LastSwiftUpdateCheck = 0830;
				LastUpgradeCheck = 0830;
				ORGANIZATIONNAME = "Krishan Vir";
				TargetAttributes = {
					B782B5291EF42EF400DED466 = {
						CreatedOnToolsVersion = 8.3.3;
						DevelopmentTeam = 5N58F3Z37S;
						ProvisioningStyle = Automatic;
					};
				};
			};
			buildConfigurationList = B782B5251EF42EF300DED466 /* Build configuration list for PBXProject "Dakhila" */;
			compatibilityVersion = "Xcode 3.2";
			developmentRegion = English;
			hasScannedForEncodings = 0;
			knownRegions = (
				en,
				Base,
			);
			mainGroup = B782B5211EF42EF300DED466;
			productRefGroup = B782B52B1EF42EF400DED466 /* Products */;
			projectDirPath = "";
			projectRoot = "";
			targets = (
				B782B5291EF42EF400DED466 /* Dakhila */,
			);
		};
/* End PBXProject section */

/* Begin PBXResourcesBuildPhase section */
		B782B5281EF42EF400DED466 /* Resources */ = {
			isa = PBXResourcesBuildPhase;
			buildActionMask = 2147483647;
			files = (
				B782B5381EF42EF500DED466 /* LaunchScreen.storyboard in Resources */,
				B70B94011F08F9A800C512E2 /* SupportTicketCellType.xib in Resources */,
				B782B5351EF42EF500DED466 /* Assets.xcassets in Resources */,
				B70B93E01EFC4BF300C512E2 /* customCell.xib in Resources */,
				B782B5331EF42EF500DED466 /* Main.storyboard in Resources */,
			);
			runOnlyForDeploymentPostprocessing = 0;
		};
/* End PBXResourcesBuildPhase section */

/* Begin PBXShellScriptBuildPhase section */
		320ECA42C03BA39F93C173D8 /* [CP] Check Pods Manifest.lock */ = {
			isa = PBXShellScriptBuildPhase;
			buildActionMask = 2147483647;
			files = (
			);
			inputPaths = (
			);
			name = "[CP] Check Pods Manifest.lock";
			outputPaths = (
			);
			runOnlyForDeploymentPostprocessing = 0;
			shellPath = /bin/sh;
			shellScript = "diff \"${PODS_PODFILE_DIR_PATH}/Podfile.lock\" \"${PODS_ROOT}/Manifest.lock\" > /dev/null\nif [ $? != 0 ] ; then\n    # print error to STDERR\n    echo \"error: The sandbox is not in sync with the Podfile.lock. Run 'pod install' or update your CocoaPods installation.\" >&2\n    exit 1\nfi\n";
			showEnvVarsInLog = 0;
		};
		7FC0F7296FC1C5742CEE6AA8 /* [CP] Copy Pods Resources */ = {
			isa = PBXShellScriptBuildPhase;
			buildActionMask = 2147483647;
			files = (
			);
			inputPaths = (
			);
			name = "[CP] Copy Pods Resources";
			outputPaths = (
			);
			runOnlyForDeploymentPostprocessing = 0;
			shellPath = /bin/sh;
			shellScript = "\"${SRCROOT}/Pods/Target Support Files/Pods-Dakhila/Pods-Dakhila-resources.sh\"\n";
			showEnvVarsInLog = 0;
		};
		C45DD002ABEC577C0C76509C /* [CP] Embed Pods Frameworks */ = {
			isa = PBXShellScriptBuildPhase;
			buildActionMask = 2147483647;
			files = (
			);
			inputPaths = (
			);
			name = "[CP] Embed Pods Frameworks";
			outputPaths = (
			);
			runOnlyForDeploymentPostprocessing = 0;
			shellPath = /bin/sh;
			shellScript = "\"${SRCROOT}/Pods/Target Support Files/Pods-Dakhila/Pods-Dakhila-frameworks.sh\"\n";
			showEnvVarsInLog = 0;
		};
/* End PBXShellScriptBuildPhase section */

/* Begin PBXSourcesBuildPhase section */
		B782B5261EF42EF400DED466 /* Sources */ = {
			isa = PBXSourcesBuildPhase;
			buildActionMask = 2147483647;
			files = (
				B782B5301EF42EF400DED466 /* ViewController.swift in Sources */,
				B7E13A611F0ABA58006D8768 /* ApiWrapperClass.swift in Sources */,
				B782B54F1EF6A01700DED466 /* MenuTVC.swift in Sources */,
				B782B5521EF6A01700DED466 /* Network.swift in Sources */,
				B7E13A5F1F096608006D8768 /* ChildClassArrayClass.swift in Sources */,
				B70B93FF1F08F98400C512E2 /* SupportTicketCell.swift in Sources */,
				B70B93EC1EFD8C1100C512E2 /* InviteViewController.swift in Sources */,
				B70B93E61EFC5CEB00C512E2 /* SupportTicketViewController.swift in Sources */,
				B70B93EA1EFD6F0800C512E2 /* SupporttTickerArrayClass.swift in Sources */,
				B70B93E41EFC52AA00C512E2 /* ChangePasswordViewController.swift in Sources */,
				B7BE89F91EFA1B46008AFAEE /* Locality.swift in Sources */,
				B782B5581EF6E52500DED466 /* DashBoardViewController.swift in Sources */,
				B70B93FD1F08F8AE00C512E2 /* SupprtListArrayClass.swift in Sources */,
				B782B52E1EF42EF400DED466 /* AppDelegate.swift in Sources */,
				B782B5551EF6A01700DED466 /* Config.swift in Sources */,
				B70B93E21EFC4C1E00C512E2 /* CustomCellType.swift in Sources */,
				B782B5471EF5AFD700DED466 /* SignUpViewController.swift in Sources */,
				B7BE89F71EFA1B2C008AFAEE /* CityArrayClass.swift in Sources */,
				B782B5511EF6A01700DED466 /* Validator.swift in Sources */,
				B70B93DE1EFC31D500C512E2 /* AppNotifierViewController.swift in Sources */,
				B782B5541EF6A01700DED466 /* JHProgressHUD.swift in Sources */,
				B70B93E81EFD5A8600C512E2 /* AdmissionAlertViewController.swift in Sources */,
				B782B5501EF6A01700DED466 /* ParentClass.swift in Sources */,
				B7BE89F51EFA1AFC008AFAEE /* StateArrayClass.swift in Sources */,
				B782B5451EF5AFC400DED466 /* ForgotPasswordViewController.swift in Sources */,
				B782B5531EF6A01700DED466 /* CommonClass.swift in Sources */,
			);
			runOnlyForDeploymentPostprocessing = 0;
		};
/* End PBXSourcesBuildPhase section */

/* Begin PBXVariantGroup section */
		B782B5311EF42EF500DED466 /* Main.storyboard */ = {
			isa = PBXVariantGroup;
			children = (
				B782B5321EF42EF500DED466 /* Base */,
			);
			name = Main.storyboard;
			sourceTree = "<group>";
		};
		B782B5361EF42EF500DED466 /* LaunchScreen.storyboard */ = {
			isa = PBXVariantGroup;
			children = (
				B782B5371EF42EF500DED466 /* Base */,
			);
			name = LaunchScreen.storyboard;
			sourceTree = "<group>";
		};
/* End PBXVariantGroup section */

/* Begin XCBuildConfiguration section */
		B782B53A1EF42EF500DED466 /* Debug */ = {
			isa = XCBuildConfiguration;
			buildSettings = {
				ALWAYS_SEARCH_USER_PATHS = NO;
				CLANG_ANALYZER_NONNULL = YES;
				CLANG_ANALYZER_NUMBER_OBJECT_CONVERSION = YES_AGGRESSIVE;
				CLANG_CXX_LANGUAGE_STANDARD = "gnu++0x";
				CLANG_CXX_LIBRARY = "libc++";
				CLANG_ENABLE_MODULES = YES;
				CLANG_ENABLE_OBJC_ARC = YES;
				CLANG_WARN_BOOL_CONVERSION = YES;
				CLANG_WARN_CONSTANT_CONVERSION = YES;
				CLANG_WARN_DIRECT_OBJC_ISA_USAGE = YES_ERROR;
				CLANG_WARN_DOCUMENTATION_COMMENTS = YES;
				CLANG_WARN_EMPTY_BODY = YES;
				CLANG_WARN_ENUM_CONVERSION = YES;
				CLANG_WARN_INFINITE_RECURSION = YES;
				CLANG_WARN_INT_CONVERSION = YES;
				CLANG_WARN_OBJC_ROOT_CLASS = YES_ERROR;
				CLANG_WARN_SUSPICIOUS_MOVE = YES;
				CLANG_WARN_UNREACHABLE_CODE = YES;
				CLANG_WARN__DUPLICATE_METHOD_MATCH = YES;
				CODE_SIGN_IDENTITY = "iPhone Distribution: Arunjit Kaur (5N58F3Z37S)";
				"CODE_SIGN_IDENTITY[sdk=iphoneos*]" = "iPhone Distribution: Arunjit Kaur (5N58F3Z37S)";
				COPY_PHASE_STRIP = NO;
				DEBUG_INFORMATION_FORMAT = dwarf;
				DEVELOPMENT_TEAM = 5N58F3Z37S;
				ENABLE_STRICT_OBJC_MSGSEND = YES;
				ENABLE_TESTABILITY = YES;
				GCC_C_LANGUAGE_STANDARD = gnu99;
				GCC_DYNAMIC_NO_PIC = NO;
				GCC_NO_COMMON_BLOCKS = YES;
				GCC_OPTIMIZATION_LEVEL = 0;
				GCC_PREPROCESSOR_DEFINITIONS = (
					"DEBUG=1",
					"$(inherited)",
				);
				GCC_WARN_64_TO_32_BIT_CONVERSION = YES;
				GCC_WARN_ABOUT_RETURN_TYPE = YES_ERROR;
				GCC_WARN_UNDECLARED_SELECTOR = YES;
				GCC_WARN_UNINITIALIZED_AUTOS = YES_AGGRESSIVE;
				GCC_WARN_UNUSED_FUNCTION = YES;
				GCC_WARN_UNUSED_VARIABLE = YES;
				IPHONEOS_DEPLOYMENT_TARGET = 10.3;
				MTL_ENABLE_DEBUG_INFO = YES;
				ONLY_ACTIVE_ARCH = YES;
				PROVISIONING_PROFILE = "2abcd057-aa5c-43e6-a6f9-ab574e54d03e";
				SDKROOT = iphoneos;
				SWIFT_ACTIVE_COMPILATION_CONDITIONS = DEBUG;
				SWIFT_OPTIMIZATION_LEVEL = "-Onone";
			};
			name = Debug;
		};
		B782B53B1EF42EF500DED466 /* Release */ = {
			isa = XCBuildConfiguration;
			buildSettings = {
				ALWAYS_SEARCH_USER_PATHS = NO;
				CLANG_ANALYZER_NONNULL = YES;
				CLANG_ANALYZER_NUMBER_OBJECT_CONVERSION = YES_AGGRESSIVE;
				CLANG_CXX_LANGUAGE_STANDARD = "gnu++0x";
				CLANG_CXX_LIBRARY = "libc++";
				CLANG_ENABLE_MODULES = YES;
				CLANG_ENABLE_OBJC_ARC = YES;
				CLANG_WARN_BOOL_CONVERSION = YES;
				CLANG_WARN_CONSTANT_CONVERSION = YES;
				CLANG_WARN_DIRECT_OBJC_ISA_USAGE = YES_ERROR;
				CLANG_WARN_DOCUMENTATION_COMMENTS = YES;
				CLANG_WARN_EMPTY_BODY = YES;
				CLANG_WARN_ENUM_CONVERSION = YES;
				CLANG_WARN_INFINITE_RECURSION = YES;
				CLANG_WARN_INT_CONVERSION = YES;
				CLANG_WARN_OBJC_ROOT_CLASS = YES_ERROR;
				CLANG_WARN_SUSPICIOUS_MOVE = YES;
				CLANG_WARN_UNREACHABLE_CODE = YES;
				CLANG_WARN__DUPLICATE_METHOD_MATCH = YES;
				CODE_SIGN_IDENTITY = "iPhone Distribution: Arunjit Kaur (5N58F3Z37S)";
				"CODE_SIGN_IDENTITY[sdk=iphoneos*]" = "iPhone Distribution: Arunjit Kaur (5N58F3Z37S)";
				COPY_PHASE_STRIP = NO;
				DEBUG_INFORMATION_FORMAT = "dwarf-with-dsym";
				DEVELOPMENT_TEAM = 5N58F3Z37S;
				ENABLE_NS_ASSERTIONS = NO;
				ENABLE_STRICT_OBJC_MSGSEND = YES;
				GCC_C_LANGUAGE_STANDARD = gnu99;
				GCC_NO_COMMON_BLOCKS = YES;
				GCC_WARN_64_TO_32_BIT_CONVERSION = YES;
				GCC_WARN_ABOUT_RETURN_TYPE = YES_ERROR;
				GCC_WARN_UNDECLARED_SELECTOR = YES;
				GCC_WARN_UNINITIALIZED_AUTOS = YES_AGGRESSIVE;
				GCC_WARN_UNUSED_FUNCTION = YES;
				GCC_WARN_UNUSED_VARIABLE = YES;
				IPHONEOS_DEPLOYMENT_TARGET = 10.3;
				MTL_ENABLE_DEBUG_INFO = NO;
				PROVISIONING_PROFILE = "2abcd057-aa5c-43e6-a6f9-ab574e54d03e";
				SDKROOT = iphoneos;
				SWIFT_OPTIMIZATION_LEVEL = "-Owholemodule";
				VALIDATE_PRODUCT = YES;
			};
			name = Release;
		};
		B782B53D1EF42EF500DED466 /* Debug */ = {
			isa = XCBuildConfiguration;
			baseConfigurationReference = 4189411A6711149F9CD10F1F /* Pods-Dakhila.debug.xcconfig */;
			buildSettings = {
				ASSETCATALOG_COMPILER_APPICON_NAME = AppIcon;
				CODE_SIGN_IDENTITY = "iPhone Distribution: Arunjit Kaur (5N58F3Z37S)";
				"CODE_SIGN_IDENTITY[sdk=iphoneos*]" = "iPhone Developer";
				DEVELOPMENT_TEAM = "";
				FRAMEWORK_SEARCH_PATHS = (
					"$(inherited)",
					"\"$PODS_CONFIGURATION_BUILD_DIR/Alamofire\"",
					"\"$PODS_CONFIGURATION_BUILD_DIR/Kingfisher\"",
					"\"$PODS_CONFIGURATION_BUILD_DIR/SwiftyJSON\"",
					"\"$PODS_CONFIGURATION_BUILD_DIR/Pods/Alamofire\"",
				);
				INFOPLIST_FILE = Dakhila/Info.plist;
				IPHONEOS_DEPLOYMENT_TARGET = 10.1;
				LD_RUNPATH_SEARCH_PATHS = "$(inherited) @executable_path/Frameworks";
				ONLY_ACTIVE_ARCH = YES;
				PRODUCT_BUNDLE_IDENTIFIER = com.app.maintain;
				PRODUCT_NAME = "$(TARGET_NAME)";
				PROVISIONING_PROFILE = "";
				PROVISIONING_PROFILE_SPECIFIER = "";
				SWIFT_VERSION = 3.0;
			};
			name = Debug;
		};
		B782B53E1EF42EF500DED466 /* Release */ = {
			isa = XCBuildConfiguration;
			baseConfigurationReference = E7CF47B526A745DDF04940C4 /* Pods-Dakhila.release.xcconfig */;
			buildSettings = {
				ASSETCATALOG_COMPILER_APPICON_NAME = AppIcon;
				CODE_SIGN_IDENTITY = "iPhone Distribution: Arunjit Kaur (5N58F3Z37S)";
				"CODE_SIGN_IDENTITY[sdk=iphoneos*]" = "iPhone Developer";
				DEVELOPMENT_TEAM = "";
				FRAMEWORK_SEARCH_PATHS = (
					"$(inherited)",
					"\"$PODS_CONFIGURATION_BUILD_DIR/Alamofire\"",
					"\"$PODS_CONFIGURATION_BUILD_DIR/Kingfisher\"",
					"\"$PODS_CONFIGURATION_BUILD_DIR/SwiftyJSON\"",
					"\"$PODS_CONFIGURATION_BUILD_DIR/Pods/Alamofire\"",
				);
				INFOPLIST_FILE = Dakhila/Info.plist;
				IPHONEOS_DEPLOYMENT_TARGET = 10.1;
				LD_RUNPATH_SEARCH_PATHS = "$(inherited) @executable_path/Frameworks";
				PRODUCT_BUNDLE_IDENTIFIER = com.app.maintain;
				PRODUCT_NAME = "$(TARGET_NAME)";
				PROVISIONING_PROFILE = "";
				PROVISIONING_PROFILE_SPECIFIER = "";
				SWIFT_VERSION = 3.0;
			};
			name = Release;
		};
/* End XCBuildConfiguration section */

/* Begin XCConfigurationList section */
		B782B5251EF42EF300DED466 /* Build configuration list for PBXProject "Dakhila" */ = {
			isa = XCConfigurationList;
			buildConfigurations = (
				B782B53A1EF42EF500DED466 /* Debug */,
				B782B53B1EF42EF500DED466 /* Release */,
			);
			defaultConfigurationIsVisible = 0;
			defaultConfigurationName = Release;
		};
		B782B53C1EF42EF500DED466 /* Build configuration list for PBXNativeTarget "Dakhila" */ = {
			isa = XCConfigurationList;
			buildConfigurations = (
				B782B53D1EF42EF500DED466 /* Debug */,
				B782B53E1EF42EF500DED466 /* Release */,
			);
			defaultConfigurationIsVisible = 0;
			defaultConfigurationName = Release;
		};
/* End XCConfigurationList section */
	};
	rootObject = B782B5221EF42EF300DED466 /* Project object */;
}
